
Microsoft Visual Studio Solution File, Format Version 12.00
# Visual Studio 15
VisualStudioVersion = 15.0.28010.2048
MinimumVisualStudioVersion = 10.0.40219.1
Project("{9A19103F-16F7-4668-BE54-9A1E7A4F7556}") = "Localization", "Localization.csproj", "{D737283A-D902-4D48-9D2C-0C795E369A53}"
EndProject
Project("{9A19103F-16F7-4668-BE54-9A1E7A4F7556}") = "DAL", "..\DAL\DAL.csproj", "{8F13E6EE-166D-4FC2-83C7-A4BD15F45FDF}"
EndProject
Project("{9A19103F-16F7-4668-BE54-9A1E7A4F7556}") = "Models", "..\Models\Models.csproj", "{B4BDCFF5-DBCA-4F93-9054-464E35D4C526}"
EndProject
Project("{9A19103F-16F7-4668-BE54-9A1E7A4F7556}") = "Utilities", "..\Utilities\Utilities.csproj", "{596F84D1-3F85-419B-81D6-9D0963653C7A}"
EndProject
Global
	GlobalSection(SolutionConfigurationPlatforms) = preSolution
		Debug|Any CPU = Debug|Any CPU
		Release|Any CPU = Release|Any CPU
	EndGlobalSection
	GlobalSection(ProjectConfigurationPlatforms) = postSolution
		{D737283A-D902-4D48-9D2C-0C795E369A53}.Debug|Any CPU.ActiveCfg = Debug|Any CPU
		{D737283A-D902-4D48-9D2C-0C795E369A53}.Debug|Any CPU.Build.0 = Debug|Any CPU
		{D737283A-D902-4D48-9D2C-0C795E369A53}.Release|Any CPU.ActiveCfg = Release|Any CPU
		{D737283A-D902-4D48-9D2C-0C795E369A53}.Release|Any CPU.Build.0 = Release|Any CPU
		{8F13E6EE-166D-4FC2-83C7-A4BD15F45FDF}.Debug|Any CPU.ActiveCfg = Debug|Any CPU
		{8F13E6EE-166D-4FC2-83C7-A4BD15F45FDF}.Debug|Any CPU.Build.0 = Debug|Any CPU
		{8F13E6EE-166D-4FC2-83C7-A4BD15F45FDF}.Release|Any CPU.ActiveCfg = Release|Any CPU
		{8F13E6EE-166D-4FC2-83C7-A4BD15F45FDF}.Release|Any CPU.Build.0 = Release|Any CPU
		{B4BDCFF5-DBCA-4F93-9054-464E35D4C526}.Debug|Any CPU.ActiveCfg = Debug|Any CPU
		{B4BDCFF5-DBCA-4F93-9054-464E35D4C526}.Debug|Any CPU.Build.0 = Debug|Any CPU
		{B4BDCFF5-DBCA-4F93-9054-464E35D4C526}.Release|Any CPU.ActiveCfg = Release|Any CPU
		{B4BDCFF5-DBCA-4F93-9054-464E35D4C526}.Release|Any CPU.Build.0 = Release|Any CPU
		{596F84D1-3F85-419B-81D6-9D0963653C7A}.Debug|Any CPU.ActiveCfg = Debug|Any CPU
		{596F84D1-3F85-419B-81D6-9D0963653C7A}.Debug|Any CPU.Build.0 = Debug|Any CPU
		{596F84D1-3F85-419B-81D6-9D0963653C7A}.Release|Any CPU.ActiveCfg = Release|Any CPU
		{596F84D1-3F85-419B-81D6-9D0963653C7A}.Release|Any CPU.Build.0 = Release|Any CPU
	EndGlobalSection
	GlobalSection(SolutionProperties) = preSolution
		HideSolutionNode = FALSE
	EndGlobalSection
	GlobalSection(ExtensibilityGlobals) = postSolution
		SolutionGuid = {BE8AEBF7-BC3B-4923-8AED-74A53F71BD4D}
	EndGlobalSection
EndGlobal
