{
  "requires": true,
  "lockfileVersion": 1,
  "dependencies": {
    "primeng": {
      "version": "7.0.0",
      "resolved": "https://registry.npmjs.org/primeng/-/primeng-7.0.0.tgz",
      "integrity": "sha512-PrEEnp0VPbzsUQdpB/4KtUdRxaWwpprHy+IpUi09C42OAI2zqdTVIC0AaW81gDAGQyW7XraCP9EFI8KT4nC9GA=="
    }
  }
}
